// !$*UTF8*$!
{
	archiveVersion = 1;
	classes = {
	};
	objectVersion = 50;
	objects = {

/* Begin PBXBuildFile section */
		61176B1F9CDA8E016E96FA97 /* Pods_iTunesMusicProject.framework in Frameworks */ = {isa = PBXBuildFile; fileRef = A8B24B9AEAE64CAC48A64AC2 /* Pods_iTunesMusicProject.framework */; };
		CF30A18822AA4D78003AA40E /* AppDelegate.swift in Sources */ = {isa = PBXBuildFile; fileRef = CF30A18722AA4D78003AA40E /* AppDelegate.swift */; };
		CF30A18A22AA4D78003AA40E /* MusicViewController.swift in Sources */ = {isa = PBXBuildFile; fileRef = CF30A18922AA4D78003AA40E /* MusicViewController.swift */; };
		CF30A18D22AA4D78003AA40E /* Main.storyboard in Resources */ = {isa = PBXBuildFile; fileRef = CF30A18B22AA4D78003AA40E /* Main.storyboard */; };
		CF30A18F22AA4D79003AA40E /* Assets.xcassets in Resources */ = {isa = PBXBuildFile; fileRef = CF30A18E22AA4D79003AA40E /* Assets.xcassets */; };
		CF30A19222AA4D79003AA40E /* LaunchScreen.storyboard in Resources */ = {isa = PBXBuildFile; fileRef = CF30A19022AA4D79003AA40E /* LaunchScreen.storyboard */; };
		CF30A19A22AA5423003AA40E /* MusicTableViewCell.swift in Sources */ = {isa = PBXBuildFile; fileRef = CF30A19922AA5423003AA40E /* MusicTableViewCell.swift */; };
		CF30A19C22AA77D7003AA40E /* MusicData.swift in Sources */ = {isa = PBXBuildFile; fileRef = CF30A19B22AA77D7003AA40E /* MusicData.swift */; };
/* End PBXBuildFile section */

/* Begin PBXFileReference section */
		3DC78A13D141E25AC2994412 /* Pods-iTunesMusicProject.release.xcconfig */ = {isa = PBXFileReference; includeInIndex = 1; lastKnownFileType = text.xcconfig; name = "Pods-iTunesMusicProject.release.xcconfig"; path = "Target Support Files/Pods-iTunesMusicProject/Pods-iTunesMusicProject.release.xcconfig"; sourceTree = "<group>"; };
		A8B24B9AEAE64CAC48A64AC2 /* Pods_iTunesMusicProject.framework */ = {isa = PBXFileReference; explicitFileType = wrapper.framework; includeInIndex = 0; path = Pods_iTunesMusicProject.framework; sourceTree = BUILT_PRODUCTS_DIR; };
		CF30A18422AA4D78003AA40E /* iTunesMusicProject.app */ = {isa = PBXFileReference; explicitFileType = wrapper.application; includeInIndex = 0; path = iTunesMusicProject.app; sourceTree = BUILT_PRODUCTS_DIR; };
		CF30A18722AA4D78003AA40E /* AppDelegate.swift */ = {isa = PBXFileReference; lastKnownFileType = sourcecode.swift; path = AppDelegate.swift; sourceTree = "<group>"; };
		CF30A18922AA4D78003AA40E /* MusicViewController.swift */ = {isa = PBXFileReference; lastKnownFileType = sourcecode.swift; path = MusicViewController.swift; sourceTree = "<group>"; };
		CF30A18C22AA4D78003AA40E /* Base */ = {isa = PBXFileReference; lastKnownFileType = file.storyboard; name = Base; path = Base.lproj/Main.storyboard; sourceTree = "<group>"; };
		CF30A18E22AA4D79003AA40E /* Assets.xcassets */ = {isa = PBXFileReference; lastKnownFileType = folder.assetcatalog; path = Assets.xcassets; sourceTree = "<group>"; };
		CF30A19122AA4D79003AA40E /* Base */ = {isa = PBXFileReference; lastKnownFileType = file.storyboard; name = Base; path = Base.lproj/LaunchScreen.storyboard; sourceTree = "<group>"; };
		CF30A19322AA4D79003AA40E /* Info.plist */ = {isa = PBXFileReference; lastKnownFileType = text.plist.xml; path = Info.plist; sourceTree = "<group>"; };
		CF30A19922AA5423003AA40E /* MusicTableViewCell.swift */ = {isa = PBXFileReference; lastKnownFileType = sourcecode.swift; path = MusicTableViewCell.swift; sourceTree = "<group>"; };
		CF30A19B22AA77D7003AA40E /* MusicData.swift */ = {isa = PBXFileReference; lastKnownFileType = sourcecode.swift; path = MusicData.swift; sourceTree = "<group>"; };
		F40B53E1FC1F8365DE65EBF8 /* Pods-iTunesMusicProject.debug.xcconfig */ = {isa = PBXFileReference; includeInIndex = 1; lastKnownFileType = text.xcconfig; name = "Pods-iTunesMusicProject.debug.xcconfig"; path = "Target Support Files/Pods-iTunesMusicProject/Pods-iTunesMusicProject.debug.xcconfig"; sourceTree = "<group>"; };
/* End PBXFileReference section */

/* Begin PBXFrameworksBuildPhase section */
		CF30A18122AA4D78003AA40E /* Frameworks */ = {
			isa = PBXFrameworksBuildPhase;
			buildActionMask = 2147483647;
			files = (
				61176B1F9CDA8E016E96FA97 /* Pods_iTunesMusicProject.framework in Frameworks */,
			);
			runOnlyForDeploymentPostprocessing = 0;
		};
/* End PBXFrameworksBuildPhase section */

/* Begin PBXGroup section */
		752C54E902ACC12428204CF4 /* Frameworks */ = {
			isa = PBXGroup;
			children = (
				A8B24B9AEAE64CAC48A64AC2 /* Pods_iTunesMusicProject.framework */,
			);
			name = Frameworks;
			sourceTree = "<group>";
		};
		CF30A17B22AA4D78003AA40E = {
			isa = PBXGroup;
			children = (
				CF30A18622AA4D78003AA40E /* iTunesMusicProject */,
				CF30A18522AA4D78003AA40E /* Products */,
				EDDEA211002D32D6B32ECD53 /* Pods */,
				752C54E902ACC12428204CF4 /* Frameworks */,
			);
			sourceTree = "<group>";
		};
		CF30A18522AA4D78003AA40E /* Products */ = {
			isa = PBXGroup;
			children = (
				CF30A18422AA4D78003AA40E /* iTunesMusicProject.app */,
			);
			name = Products;
			sourceTree = "<group>";
		};
		CF30A18622AA4D78003AA40E /* iTunesMusicProject */ = {
			isa = PBXGroup;
			children = (
				CF30A18722AA4D78003AA40E /* AppDelegate.swift */,
				CF30A18922AA4D78003AA40E /* MusicViewController.swift */,
				CF30A19922AA5423003AA40E /* MusicTableViewCell.swift */,
				CF30A18B22AA4D78003AA40E /* Main.storyboard */,
				CF30A18E22AA4D79003AA40E /* Assets.xcassets */,
				CF30A19022AA4D79003AA40E /* LaunchScreen.storyboard */,
				CF30A19322AA4D79003AA40E /* Info.plist */,
				CF30A19B22AA77D7003AA40E /* MusicData.swift */,
			);
			path = iTunesMusicProject;
			sourceTree = "<group>";
		};
		EDDEA211002D32D6B32ECD53 /* Pods */ = {
			isa = PBXGroup;
			children = (
				F40B53E1FC1F8365DE65EBF8 /* Pods-iTunesMusicProject.debug.xcconfig */,
				3DC78A13D141E25AC2994412 /* Pods-iTunesMusicProject.release.xcconfig */,
			);
			path = Pods;
			sourceTree = "<group>";
		};
/* End PBXGroup section */

/* Begin PBXNativeTarget section */
		CF30A18322AA4D78003AA40E /* iTunesMusicProject */ = {
			isa = PBXNativeTarget;
			buildConfigurationList = CF30A19622AA4D79003AA40E /* Build configuration list for PBXNativeTarget "iTunesMusicProject" */;
			buildPhases = (
				5ABDC02F1C383F03A1985F9A /* [CP] Check Pods Manifest.lock */,
				CF30A18022AA4D78003AA40E /* Sources */,
				CF30A18122AA4D78003AA40E /* Frameworks */,
				CF30A18222AA4D78003AA40E /* Resources */,
				8A103E42686B8766ECB1A341 /* [CP] Embed Pods Frameworks */,
			);
			buildRules = (
			);
			dependencies = (
			);
			name = iTunesMusicProject;
			productName = iTunesMusicProject;
			productReference = CF30A18422AA4D78003AA40E /* iTunesMusicProject.app */;
			productType = "com.apple.product-type.application";
		};
/* End PBXNativeTarget section */

/* Begin PBXProject section */
		CF30A17C22AA4D78003AA40E /* Project object */ = {
			isa = PBXProject;
			attributes = {
				LastSwiftUpdateCheck = 1020;
				LastUpgradeCheck = 1020;
				ORGANIZATIONNAME = Fury;
				TargetAttributes = {
					CF30A18322AA4D78003AA40E = {
						CreatedOnToolsVersion = 10.2.1;
					};
				};
			};
			buildConfigurationList = CF30A17F22AA4D78003AA40E /* Build configuration list for PBXProject "iTunesMusicProject" */;
			compatibilityVersion = "Xcode 9.3";
			developmentRegion = en;
			hasScannedForEncodings = 0;
			knownRegions = (
				en,
				Base,
			);
			mainGroup = CF30A17B22AA4D78003AA40E;
			productRefGroup = CF30A18522AA4D78003AA40E /* Products */;
			projectDirPath = "";
			projectRoot = "";
			targets = (
				CF30A18322AA4D78003AA40E /* iTunesMusicProject */,
			);
		};
/* End PBXProject section */

/* Begin PBXResourcesBuildPhase section */
		CF30A18222AA4D78003AA40E /* Resources */ = {
			isa = PBXResourcesBuildPhase;
			buildActionMask = 2147483647;
			files = (
				CF30A19222AA4D79003AA40E /* LaunchScreen.storyboard in Resources */,
				CF30A18F22AA4D79003AA40E /* Assets.xcassets in Resources */,
				CF30A18D22AA4D78003AA40E /* Main.storyboard in Resources */,
			);
			runOnlyForDeploymentPostprocessing = 0;
		};
/* End PBXResourcesBuildPhase section */

/* Begin PBXShellScriptBuildPhase section */
		5ABDC02F1C383F03A1985F9A /* [CP] Check Pods Manifest.lock */ = {
			isa = PBXShellScriptBuildPhase;
			buildActionMask = 2147483647;
			files = (
			);
			inputFileListPaths = (
			);
			inputPaths = (
				"${PODS_PODFILE_DIR_PATH}/Podfile.lock",
				"${PODS_ROOT}/Manifest.lock",
			);
			name = "[CP] Check Pods Manifest.lock";
			outputFileListPaths = (
			);
			outputPaths = (
				"$(DERIVED_FILE_DIR)/Pods-iTunesMusicProject-checkManifestLockResult.txt",
			);
			runOnlyForDeploymentPostprocessing = 0;
			shellPath = /bin/sh;
			shellScript = "diff \"${PODS_PODFILE_DIR_PATH}/Podfile.lock\" \"${PODS_ROOT}/Manifest.lock\" > /dev/null\nif [ $? != 0 ] ; then\n    # print error to STDERR\n    echo \"error: The sandbox is not in sync with the Podfile.lock. Run 'pod install' or update your CocoaPods installation.\" >&2\n    exit 1\nfi\n# This output is used by Xcode 'outputs' to avoid re-running this script phase.\necho \"SUCCESS\" > \"${SCRIPT_OUTPUT_FILE_0}\"\n";
			showEnvVarsInLog = 0;
		};
		8A103E42686B8766ECB1A341 /* [CP] Embed Pods Frameworks */ = {
			isa = PBXShellScriptBuildPhase;
			buildActionMask = 2147483647;
			files = (
			);
			inputFileListPaths = (
			);
			inputPaths = (
				"${PODS_ROOT}/Target Support Files/Pods-iTunesMusicProject/Pods-iTunesMusicProject-frameworks.sh",
				"${BUILT_PRODUCTS_DIR}/Alamofire/Alamofire.framework",
			);
			name = "[CP] Embed Pods Frameworks";
			outputFileListPaths = (
			);
			outputPaths = (
				"${TARGET_BUILD_DIR}/${FRAMEWORKS_FOLDER_PATH}/Alamofire.framework",
			);
			runOnlyForDeploymentPostprocessing = 0;
			shellPath = /bin/sh;
			shellScript = "\"${PODS_ROOT}/Target Support Files/Pods-iTunesMusicProject/Pods-iTunesMusicProject-frameworks.sh\"\n";
			showEnvVarsInLog = 0;
		};
/* End PBXShellScriptBuildPhase section */

/* Begin PBXSourcesBuildPhase section */
		CF30A18022AA4D78003AA40E /* Sources */ = {
			isa = PBXSourcesBuildPhase;
			buildActionMask = 2147483647;
			files = (
				CF30A18A22AA4D78003AA40E /* MusicViewController.swift in Sources */,
				CF30A19C22AA77D7003AA40E /* MusicData.swift in Sources */,
				CF30A18822AA4D78003AA40E /* AppDelegate.swift in Sources */,
				CF30A19A22AA5423003AA40E /* MusicTableViewCell.swift in Sources */,
			);
			runOnlyForDeploymentPostprocessing = 0;
		};
/* End PBXSourcesBuildPhase section */

/* Begin PBXVariantGroup section */
		CF30A18B22AA4D78003AA40E /* Main.storyboard */ = {
			isa = PBXVariantGroup;
			children = (
				CF30A18C22AA4D78003AA40E /* Base */,
			);
			name = Main.storyboard;
			sourceTree = "<group>";
		};
		CF30A19022AA4D79003AA40E /* LaunchScreen.storyboard */ = {
			isa = PBXVariantGroup;
			children = (
				CF30A19122AA4D79003AA40E /* Base */,
			);
			name = LaunchScreen.storyboard;
			sourceTree = "<group>";
		};
/* End PBXVariantGroup section */

/* Begin XCBuildConfiguration section */
		CF30A19422AA4D79003AA40E /* Debug */ = {
			isa = XCBuildConfiguration;
			buildSettings = {
				ALWAYS_SEARCH_USER_PATHS = NO;
				CLANG_ANALYZER_NONNULL = YES;
				CLANG_ANALYZER_NUMBER_OBJECT_CONVERSION = YES_AGGRESSIVE;
				CLANG_CXX_LANGUAGE_STANDARD = "gnu++14";
				CLANG_CXX_LIBRARY = "libc++";
				CLANG_ENABLE_MODULES = YES;
				CLANG_ENABLE_OBJC_ARC = YES;
				CLANG_ENABLE_OBJC_WEAK = YES;
				CLANG_WARN_BLOCK_CAPTURE_AUTORELEASING = YES;
				CLANG_WARN_BOOL_CONVERSION = YES;
				CLANG_WARN_COMMA = YES;
				CLANG_WARN_CONSTANT_CONVERSION = YES;
				CLANG_WARN_DEPRECATED_OBJC_IMPLEMENTATIONS = YES;
				CLANG_WARN_DIRECT_OBJC_ISA_USAGE = YES_ERROR;
				CLANG_WARN_DOCUMENTATION_COMMENTS = YES;
				CLANG_WARN_EMPTY_BODY = YES;
				CLANG_WARN_ENUM_CONVERSION = YES;
				CLANG_WARN_INFINITE_RECURSION = YES;
				CLANG_WARN_INT_CONVERSION = YES;
				CLANG_WARN_NON_LITERAL_NULL_CONVERSION = YES;
				CLANG_WARN_OBJC_IMPLICIT_RETAIN_SELF = YES;
				CLANG_WARN_OBJC_LITERAL_CONVERSION = YES;
				CLANG_WARN_OBJC_ROOT_CLASS = YES_ERROR;
				CLANG_WARN_RANGE_LOOP_ANALYSIS = YES;
				CLANG_WARN_STRICT_PROTOTYPES = YES;
				CLANG_WARN_SUSPICIOUS_MOVE = YES;
				CLANG_WARN_UNGUARDED_AVAILABILITY = YES_AGGRESSIVE;
				CLANG_WARN_UNREACHABLE_CODE = YES;
				CLANG_WARN__DUPLICATE_METHOD_MATCH = YES;
				CODE_SIGN_IDENTITY = "iPhone Developer";
				COPY_PHASE_STRIP = NO;
				DEBUG_INFORMATION_FORMAT = dwarf;
				ENABLE_STRICT_OBJC_MSGSEND = YES;
				ENABLE_TESTABILITY = YES;
				GCC_C_LANGUAGE_STANDARD = gnu11;
				GCC_DYNAMIC_NO_PIC = NO;
				GCC_NO_COMMON_BLOCKS = YES;
				GCC_OPTIMIZATION_LEVEL = 0;
				GCC_PREPROCESSOR_DEFINITIONS = (
					"DEBUG=1",
					"$(inherited)",
				);
				GCC_WARN_64_TO_32_BIT_CONVERSION = YES;
				GCC_WARN_ABOUT_RETURN_TYPE = YES_ERROR;
				GCC_WARN_UNDECLARED_SELECTOR = YES;
				GCC_WARN_UNINITIALIZED_AUTOS = YES_AGGRESSIVE;
				GCC_WARN_UNUSED_FUNCTION = YES;
				GCC_WARN_UNUSED_VARIABLE = YES;
				IPHONEOS_DEPLOYMENT_TARGET = 12.2;
				MTL_ENABLE_DEBUG_INFO = INCLUDE_SOURCE;
				MTL_FAST_MATH = YES;
				ONLY_ACTIVE_ARCH = YES;
				SDKROOT = iphoneos;
				SWIFT_ACTIVE_COMPILATION_CONDITIONS = DEBUG;
				SWIFT_OPTIMIZATION_LEVEL = "-Onone";
			};
			name = Debug;
		};
		CF30A19522AA4D79003AA40E /* Release */ = {
			isa = XCBuildConfiguration;
			buildSettings = {
				ALWAYS_SEARCH_USER_PATHS = NO;
				CLANG_ANALYZER_NONNULL = YES;
				CLANG_ANALYZER_NUMBER_OBJECT_CONVERSION = YES_AGGRESSIVE;
				CLANG_CXX_LANGUAGE_STANDARD = "gnu++14";
				CLANG_CXX_LIBRARY = "libc++";
				CLANG_ENABLE_MODULES = YES;
				CLANG_ENABLE_OBJC_ARC = YES;
				CLANG_ENABLE_OBJC_WEAK = YES;
				CLANG_WARN_BLOCK_CAPTURE_AUTORELEASING = YES;
				CLANG_WARN_BOOL_CONVERSION = YES;
				CLANG_WARN_COMMA = YES;
				CLANG_WARN_CONSTANT_CONVERSION = YES;
				CLANG_WARN_DEPRECATED_OBJC_IMPLEMENTATIONS = YES;
				CLANG_WARN_DIRECT_OBJC_ISA_USAGE = YES_ERROR;
				CLANG_WARN_DOCUMENTATION_COMMENTS = YES;
				CLANG_WARN_EMPTY_BODY = YES;
				CLANG_WARN_ENUM_CONVERSION = YES;
				CLANG_WARN_INFINITE_RECURSION = YES;
				CLANG_WARN_INT_CONVERSION = YES;
				CLANG_WARN_NON_LITERAL_NULL_CONVERSION = YES;
				CLANG_WARN_OBJC_IMPLICIT_RETAIN_SELF = YES;
				CLANG_WARN_OBJC_LITERAL_CONVERSION = YES;
				CLANG_WARN_OBJC_ROOT_CLASS = YES_ERROR;
				CLANG_WARN_RANGE_LOOP_ANALYSIS = YES;
				CLANG_WARN_STRICT_PROTOTYPES = YES;
				CLANG_WARN_SUSPICIOUS_MOVE = YES;
				CLANG_WARN_UNGUARDED_AVAILABILITY = YES_AGGRESSIVE;
				CLANG_WARN_UNREACHABLE_CODE = YES;
				CLANG_WARN__DUPLICATE_METHOD_MATCH = YES;
				CODE_SIGN_IDENTITY = "iPhone Developer";
				COPY_PHASE_STRIP = NO;
				DEBUG_INFORMATION_FORMAT = "dwarf-with-dsym";
				ENABLE_NS_ASSERTIONS = NO;
				ENABLE_STRICT_OBJC_MSGSEND = YES;
				GCC_C_LANGUAGE_STANDARD = gnu11;
				GCC_NO_COMMON_BLOCKS = YES;
				GCC_WARN_64_TO_32_BIT_CONVERSION = YES;
				GCC_WARN_ABOUT_RETURN_TYPE = YES_ERROR;
				GCC_WARN_UNDECLARED_SELECTOR = YES;
				GCC_WARN_UNINITIALIZED_AUTOS = YES_AGGRESSIVE;
				GCC_WARN_UNUSED_FUNCTION = YES;
				GCC_WARN_UNUSED_VARIABLE = YES;
				IPHONEOS_DEPLOYMENT_TARGET = 12.2;
				MTL_ENABLE_DEBUG_INFO = NO;
				MTL_FAST_MATH = YES;
				SDKROOT = iphoneos;
				SWIFT_COMPILATION_MODE = wholemodule;
				SWIFT_OPTIMIZATION_LEVEL = "-O";
				VALIDATE_PRODUCT = YES;
			};
			name = Release;
		};
		CF30A19722AA4D79003AA40E /* Debug */ = {
			isa = XCBuildConfiguration;
			baseConfigurationReference = F40B53E1FC1F8365DE65EBF8 /* Pods-iTunesMusicProject.debug.xcconfig */;
			buildSettings = {
				ASSETCATALOG_COMPILER_APPICON_NAME = AppIcon;
				CODE_SIGN_STYLE = Automatic;
				INFOPLIST_FILE = iTunesMusicProject/Info.plist;
				LD_RUNPATH_SEARCH_PATHS = (
					"$(inherited)",
					"@executable_path/Frameworks",
				);
				PRODUCT_BUNDLE_IDENTIFIER = org.fury.iTunesMusicProject;
				PRODUCT_NAME = "$(TARGET_NAME)";
				SWIFT_VERSION = 5.0;
				TARGETED_DEVICE_FAMILY = "1,2";
			};
			name = Debug;
		};
		CF30A19822AA4D79003AA40E /* Release */ = {
			isa = XCBuildConfiguration;
			baseConfigurationReference = 3DC78A13D141E25AC2994412 /* Pods-iTunesMusicProject.release.xcconfig */;
			buildSettings = {
				ASSETCATALOG_COMPILER_APPICON_NAME = AppIcon;
				CODE_SIGN_STYLE = Automatic;
				INFOPLIST_FILE = iTunesMusicProject/Info.plist;
				LD_RUNPATH_SEARCH_PATHS = (
					"$(inherited)",
					"@executable_path/Frameworks",
				);
				PRODUCT_BUNDLE_IDENTIFIER = org.fury.iTunesMusicProject;
				PRODUCT_NAME = "$(TARGET_NAME)";
				SWIFT_VERSION = 5.0;
				TARGETED_DEVICE_FAMILY = "1,2";
			};
			name = Release;
		};
/* End XCBuildConfiguration section */

/* Begin XCConfigurationList section */
		CF30A17F22AA4D78003AA40E /* Build configuration list for PBXProject "iTunesMusicProject" */ = {
			isa = XCConfigurationList;
			buildConfigurations = (
				CF30A19422AA4D79003AA40E /* Debug */,
				CF30A19522AA4D79003AA40E /* Release */,
			);
			defaultConfigurationIsVisible = 0;
			defaultConfigurationName = Release;
		};
		CF30A19622AA4D79003AA40E /* Build configuration list for PBXNativeTarget "iTunesMusicProject" */ = {
			isa = XCConfigurationList;
			buildConfigurations = (
				CF30A19722AA4D79003AA40E /* Debug */,
				CF30A19822AA4D79003AA40E /* Release */,
			);
			defaultConfigurationIsVisible = 0;
			defaultConfigurationName = Release;
		};
/* End XCConfigurationList section */
	};
	rootObject = CF30A17C22AA4D78003AA40E /* Project object */;
}
